
Microsoft Visual Studio Solution File, Format Version 12.00
# Visual Studio Version 17
VisualStudioVersion = 17.3.32811.315
MinimumVisualStudioVersion = 10.0.40219.1
Project("{9A19103F-16F7-4668-BE54-9A1E7A4F7556}") = "DirectoryApp", "DirectoryApp\DirectoryApp.csproj", "{308CD9DB-BF87-4736-A346-50633070EDC6}"
EndProject
Project("{9A19103F-16F7-4668-BE54-9A1E7A4F7556}") = "DirectoryInfoApp", "DirectoryInfoApp\DirectoryInfoApp.csproj", "{623C6A40-FF33-432F-8979-6382E868AF62}"
EndProject
Project("{9A19103F-16F7-4668-BE54-9A1E7A4F7556}") = "SimpleFileIO", "SimpleFileIO\SimpleFileIO.csproj", "{2CE10D64-2D57-4509-869E-45072B28E1B8}"
EndProject
Project("{9A19103F-16F7-4668-BE54-9A1E7A4F7556}") = "FileType", "FileType\FileType.csproj", "{1EC3CFCE-7720-4AA2-998C-605DA54F34D0}"
EndProject
Global
	GlobalSection(SolutionConfigurationPlatforms) = preSolution
		Debug|Any CPU = Debug|Any CPU
		Release|Any CPU = Release|Any CPU
	EndGlobalSection
	GlobalSection(ProjectConfigurationPlatforms) = postSolution
		{308CD9DB-BF87-4736-A346-50633070EDC6}.Debug|Any CPU.ActiveCfg = Debug|Any CPU
		{308CD9DB-BF87-4736-A346-50633070EDC6}.Debug|Any CPU.Build.0 = Debug|Any CPU
		{308CD9DB-BF87-4736-A346-50633070EDC6}.Release|Any CPU.ActiveCfg = Release|Any CPU
		{308CD9DB-BF87-4736-A346-50633070EDC6}.Release|Any CPU.Build.0 = Release|Any CPU
		{623C6A40-FF33-432F-8979-6382E868AF62}.Debug|Any CPU.ActiveCfg = Debug|Any CPU
		{623C6A40-FF33-432F-8979-6382E868AF62}.Debug|Any CPU.Build.0 = Debug|Any CPU
		{623C6A40-FF33-432F-8979-6382E868AF62}.Release|Any CPU.ActiveCfg = Release|Any CPU
		{623C6A40-FF33-432F-8979-6382E868AF62}.Release|Any CPU.Build.0 = Release|Any CPU
		{2CE10D64-2D57-4509-869E-45072B28E1B8}.Debug|Any CPU.ActiveCfg = Debug|Any CPU
		{2CE10D64-2D57-4509-869E-45072B28E1B8}.Debug|Any CPU.Build.0 = Debug|Any CPU
		{2CE10D64-2D57-4509-869E-45072B28E1B8}.Release|Any CPU.ActiveCfg = Release|Any CPU
		{2CE10D64-2D57-4509-869E-45072B28E1B8}.Release|Any CPU.Build.0 = Release|Any CPU
		{1EC3CFCE-7720-4AA2-998C-605DA54F34D0}.Debug|Any CPU.ActiveCfg = Debug|Any CPU
		{1EC3CFCE-7720-4AA2-998C-605DA54F34D0}.Debug|Any CPU.Build.0 = Debug|Any CPU
		{1EC3CFCE-7720-4AA2-998C-605DA54F34D0}.Release|Any CPU.ActiveCfg = Release|Any CPU
		{1EC3CFCE-7720-4AA2-998C-605DA54F34D0}.Release|Any CPU.Build.0 = Release|Any CPU
	EndGlobalSection
	GlobalSection(SolutionProperties) = preSolution
		HideSolutionNode = FALSE
	EndGlobalSection
	GlobalSection(ExtensibilityGlobals) = postSolution
		SolutionGuid = {58A80642-C3E7-4C26-A3C5-7C8E08C85C61}
	EndGlobalSection
EndGlobal
